{
  "nodes": {
    "NUR": {
      "locked": {
        "lastModified": 1628122021,
        "narHash": "sha256-3gX1Eue9mv5AOxCEAmxJRp9ElJGNw5bjr8dYciUWTJc=",
        "owner": "nix-community",
        "repo": "NUR",
        "rev": "ef3cb8e2471d9821ad99053dee3ce41ad2880208",
        "type": "github"
      },
      "original": {
        "owner": "nix-community",
        "repo": "NUR",
        "type": "github"
      }
    },
    "flake-utils": {
      "locked": {
        "lastModified": 1607173379,
        "narHash": "sha256-wKwwwbdvYtm0bY6PaeCWO3k0+Bg+VohC56Vn7Z9ZX/U=",
        "owner": "poscat0x04",
        "repo": "flake-utils",
        "rev": "1841839284bd33948154ccdf73f8712a01bfab64",
        "type": "github"
      },
      "original": {
        "owner": "poscat0x04",
        "repo": "flake-utils",
        "type": "github"
      }
    },
    "flake-utils_2": {
      "locked": {
        "lastModified": 1607173379,
        "narHash": "sha256-wKwwwbdvYtm0bY6PaeCWO3k0+Bg+VohC56Vn7Z9ZX/U=",
        "owner": "poscat0x04",
        "repo": "flake-utils",
        "rev": "1841839284bd33948154ccdf73f8712a01bfab64",
        "type": "github"
      },
      "original": {
        "owner": "poscat0x04",
        "repo": "flake-utils",
        "type": "github"
      }
    },
    "flake-utils_3": {
      "locked": {
        "lastModified": 1614513358,
        "narHash": "sha256-LakhOx3S1dRjnh0b5Dg3mbZyH0ToC9I8Y2wKSkBaTzU=",
        "owner": "numtide",
        "repo": "flake-utils",
        "rev": "5466c5bbece17adaab2d82fae80b46e807611bf3",
        "type": "github"
      },
      "original": {
        "owner": "numtide",
        "repo": "flake-utils",
        "type": "github"
      }
    },
    "hath-nix": {
      "locked": {
        "lastModified": 1623558647,
        "narHash": "sha256-r2Ikyi1gAaj0fer3CNoPPaSowEzAa3RF379d7FYzOOM=",
        "owner": "poscat0x04",
        "repo": "hath-nix",
        "rev": "28180bd11ecc9496233671f39b2cbe8027faf563",
        "type": "github"
      },
      "original": {
        "owner": "poscat0x04",
        "repo": "hath-nix",
        "type": "github"
      }
    },
    "home-manager": {
      "inputs": {
        "nixpkgs": [
          "nixpkgs"
        ]
      },
      "locked": {
        "lastModified": 1627592512,
        "narHash": "sha256-+bauwACGl+/dTQB047XImRz5P6Lp6vxl5ruiKjtENxo=",
        "owner": "nix-community",
        "repo": "home-manager",
        "rev": "7f976da06840c268cc291a021bab7532b923713c",
        "type": "github"
      },
      "original": {
        "owner": "nix-community",
        "repo": "home-manager",
        "type": "github"
      }
    },
    "nix-repo": {
      "inputs": {
        "NUR": "NUR",
        "flake-utils": "flake-utils_2",
        "nixpkgs": [
          "nixpkgs"
        ]
      },
      "locked": {
        "lastModified": 1628127344,
        "narHash": "sha256-OyduhNLeQtWJ/SyT7YEbMLthhdyckJimYD7Ez+mRzW4=",
        "owner": "poscat0x04",
        "repo": "nix-repo",
        "rev": "f4f53267f8ff422a32082507d7d260decfd6c901",
        "type": "github"
      },
      "original": {
        "owner": "poscat0x04",
        "repo": "nix-repo",
        "type": "github"
      }
    },
    "nix-secrets": {
      "inputs": {
        "nixpkgs": [
          "nixpkgs"
        ]
      },
      "locked": {
        "lastModified": 1628171957,
        "narHash": "sha256-r0V72KUo6GBlWP4jsOqI+DNYVZU7iJl0ZNm4jSZnA4o=",
        "owner": "poscat0x04",
        "repo": "nix-secrets",
        "rev": "07605279bd5a9652885c8c14208242735f3ce115",
        "type": "github"
      },
      "original": {
        "owner": "poscat0x04",
        "repo": "nix-secrets",
        "type": "github"
      }
    },
    "nixos-emacs": {
      "locked": {
        "lastModified": 1628155445,
        "narHash": "sha256-he4MPagRglGy5iFtZ/HRpy26ArrM43p8K0LBCMCSmYQ=",
        "owner": "nix-community",
        "repo": "emacs-overlay",
        "rev": "c4d120d4776f0d17ee7128c4c3d551fab3bfc848",
        "type": "github"
      },
      "original": {
        "owner": "nix-community",
        "repo": "emacs-overlay",
        "type": "github"
      }
    },
    "nixpkgs": {
      "locked": {
        "lastModified": 1627942574,
        "narHash": "sha256-guUcGRWvY2mfiVSet2x/zeHIyflm2wgglj0ldg0mMio=",
        "owner": "NixOS",
        "repo": "nixpkgs",
        "rev": "c464dc811babfe316ed4ab7bbc12351122e69dd7",
        "type": "github"
      },
      "original": {
        "owner": "NixOS",
        "ref": "nixos-unstable",
        "repo": "nixpkgs",
        "type": "github"
      }
    },
    "root": {
      "inputs": {
        "flake-utils": "flake-utils",
        "hath-nix": "hath-nix",
        "home-manager": "home-manager",
        "nix-repo": "nix-repo",
        "nix-secrets": "nix-secrets",
        "nixos-emacs": "nixos-emacs",
        "nixpkgs": "nixpkgs",
        "rust-overlay": "rust-overlay"
      }
    },
    "rust-overlay": {
      "inputs": {
        "flake-utils": "flake-utils_3",
        "nixpkgs": [
          "nixpkgs"
        ]
      },
      "locked": {
        "lastModified": 1628129596,
        "narHash": "sha256-b6R5Ea0wAQ9QFurD2GzuQ9jZSPLGH03/0x4Hs2E6aXE=",
        "owner": "oxalica",
        "repo": "rust-overlay",
        "rev": "c3bf4a6dfd8f7a235beb0fa85d5451db41da0310",
        "type": "github"
      },
      "original": {
        "owner": "oxalica",
        "repo": "rust-overlay",
        "type": "github"
      }
    }
  },
  "root": "root",
  "version": 7
}
