{
  "nodes": {
    "NUR": {
      "locked": {
        "lastModified": 1633681657,
        "narHash": "sha256-rKOSbGydRIpTdpsLs/o3OC6tB+WKvaCun2gZaJWurF4=",
        "owner": "nix-community",
        "repo": "NUR",
        "rev": "1500257d04867f63cfa6b3dbbdab90c6265147d8",
        "type": "github"
      },
      "original": {
        "owner": "nix-community",
        "repo": "NUR",
        "type": "github"
      }
    },
    "flake-utils": {
      "locked": {
        "lastModified": 1607173379,
        "narHash": "sha256-wKwwwbdvYtm0bY6PaeCWO3k0+Bg+VohC56Vn7Z9ZX/U=",
        "owner": "poscat0x04",
        "repo": "flake-utils",
        "rev": "1841839284bd33948154ccdf73f8712a01bfab64",
        "type": "github"
      },
      "original": {
        "owner": "poscat0x04",
        "repo": "flake-utils",
        "type": "github"
      }
    },
    "flake-utils_2": {
      "locked": {
        "lastModified": 1607173379,
        "narHash": "sha256-wKwwwbdvYtm0bY6PaeCWO3k0+Bg+VohC56Vn7Z9ZX/U=",
        "owner": "poscat0x04",
        "repo": "flake-utils",
        "rev": "1841839284bd33948154ccdf73f8712a01bfab64",
        "type": "github"
      },
      "original": {
        "owner": "poscat0x04",
        "repo": "flake-utils",
        "type": "github"
      }
    },
    "flake-utils_3": {
      "locked": {
        "lastModified": 1623875721,
        "narHash": "sha256-A8BU7bjS5GirpAUv4QA+QnJ4CceLHkcXdRp4xITDB0s=",
        "owner": "numtide",
        "repo": "flake-utils",
        "rev": "f7e004a55b120c02ecb6219596820fcd32ca8772",
        "type": "github"
      },
      "original": {
        "owner": "numtide",
        "repo": "flake-utils",
        "type": "github"
      }
    },
    "hath-nix": {
      "locked": {
        "lastModified": 1623558647,
        "narHash": "sha256-r2Ikyi1gAaj0fer3CNoPPaSowEzAa3RF379d7FYzOOM=",
        "owner": "poscat0x04",
        "repo": "hath-nix",
        "rev": "28180bd11ecc9496233671f39b2cbe8027faf563",
        "type": "github"
      },
      "original": {
        "owner": "poscat0x04",
        "repo": "hath-nix",
        "type": "github"
      }
    },
    "home-manager": {
      "inputs": {
        "nixpkgs": [
          "nixpkgs"
        ]
      },
      "locked": {
        "lastModified": 1633531796,
        "narHash": "sha256-fm1tcPf9yB+4ySxKETQk6hVpmbYZPVb27fEJFuIz6fA=",
        "owner": "nix-community",
        "repo": "home-manager",
        "rev": "d9fe208f3ccd7047a29eb31fd0cd3191c4445323",
        "type": "github"
      },
      "original": {
        "owner": "nix-community",
        "repo": "home-manager",
        "type": "github"
      }
    },
    "nix-repo": {
      "inputs": {
        "NUR": "NUR",
        "flake-utils": "flake-utils_2",
        "nixpkgs": [
          "nixpkgs"
        ],
        "rust-overlay": [
          "rust-overlay"
        ]
      },
      "locked": {
        "lastModified": 1633688252,
        "narHash": "sha256-ajgRpMZfSJrulW4vxVaf0/Z7+jv/QPcZTx1VAEZUioI=",
        "owner": "poscat0x04",
        "repo": "nix-repo",
        "rev": "977b67bd7090326b8954c6f4fa0932e6d1ddba7e",
        "type": "github"
      },
      "original": {
        "owner": "poscat0x04",
        "repo": "nix-repo",
        "type": "github"
      }
    },
    "nix-secrets": {
      "locked": {
        "lastModified": 1633328862,
        "narHash": "sha256-HHDnKjpgpavms9ahoHVZ92KH/vI+ZTR4/GGVDRpAhXo=",
        "owner": "poscat0x04",
        "repo": "nix-secrets",
        "rev": "2645115af89cd266b20ae004d26c9c1498430464",
        "type": "github"
      },
      "original": {
        "owner": "poscat0x04",
        "repo": "nix-secrets",
        "type": "github"
      }
    },
    "nixos-emacs": {
      "locked": {
        "lastModified": 1633657931,
        "narHash": "sha256-TpSXgQLIuH43OEQumAGScverSXaarojQBprVk3AoyNY=",
        "owner": "nix-community",
        "repo": "emacs-overlay",
        "rev": "2b6024ce357be986616916c053469efb532b714e",
        "type": "github"
      },
      "original": {
        "owner": "nix-community",
        "repo": "emacs-overlay",
        "type": "github"
      }
    },
    "nixpkgs": {
      "locked": {
        "lastModified": 1633676375,
        "narHash": "sha256-RPZ3eveRoYM9LFKWZO5uOZ7w9LslH5aRq3tPgXAhHoU=",
        "owner": "poscat0x04",
        "repo": "nixpkgs",
        "rev": "7c8eeeac85bd95a530c6454738140d57eb7cf328",
        "type": "github"
      },
      "original": {
        "owner": "poscat0x04",
        "ref": "dev",
        "repo": "nixpkgs",
        "type": "github"
      }
    },
    "root": {
      "inputs": {
        "flake-utils": "flake-utils",
        "hath-nix": "hath-nix",
        "home-manager": "home-manager",
        "nix-repo": "nix-repo",
        "nix-secrets": "nix-secrets",
        "nixos-emacs": "nixos-emacs",
        "nixpkgs": "nixpkgs",
        "rust-overlay": "rust-overlay"
      }
    },
    "rust-overlay": {
      "inputs": {
        "flake-utils": "flake-utils_3",
        "nixpkgs": [
          "nixpkgs"
        ]
      },
      "locked": {
        "lastModified": 1633659483,
        "narHash": "sha256-tzEpYI8IMtzm/eqZp3tKe4A/g1iWF4xub0E58wA7uu0=",
        "owner": "oxalica",
        "repo": "rust-overlay",
        "rev": "7da3fe8b192f96dfe8b2223f4fe55e2e40850a2a",
        "type": "github"
      },
      "original": {
        "owner": "oxalica",
        "repo": "rust-overlay",
        "type": "github"
      }
    }
  },
  "root": "root",
  "version": 7
}
