{
  "nodes": {
    "NUR": {
      "locked": {
        "lastModified": 1675812476,
        "narHash": "sha256-TPa1y3ljjMVIgRlHr7hyoXZr3bP6sJLr9LSDxKU3DWQ=",
        "owner": "nix-community",
        "repo": "NUR",
        "rev": "8f76860148b8df4f9a024082e21234b44ae7d386",
        "type": "github"
      },
      "original": {
        "owner": "nix-community",
        "repo": "NUR",
        "type": "github"
      }
    },
    "flake-utils": {
      "locked": {
        "lastModified": 1607173379,
        "narHash": "sha256-wKwwwbdvYtm0bY6PaeCWO3k0+Bg+VohC56Vn7Z9ZX/U=",
        "owner": "poscat0x04",
        "repo": "flake-utils",
        "rev": "1841839284bd33948154ccdf73f8712a01bfab64",
        "type": "github"
      },
      "original": {
        "owner": "poscat0x04",
        "repo": "flake-utils",
        "type": "github"
      }
    },
    "flake-utils_2": {
      "locked": {
        "lastModified": 1607173379,
        "narHash": "sha256-wKwwwbdvYtm0bY6PaeCWO3k0+Bg+VohC56Vn7Z9ZX/U=",
        "owner": "poscat0x04",
        "repo": "flake-utils",
        "rev": "1841839284bd33948154ccdf73f8712a01bfab64",
        "type": "github"
      },
      "original": {
        "owner": "poscat0x04",
        "repo": "flake-utils",
        "type": "github"
      }
    },
    "flake-utils_3": {
      "locked": {
        "lastModified": 1667395993,
        "narHash": "sha256-nuEHfE/LcWyuSWnS8t12N1wc105Qtau+/OdUAjtQ0rA=",
        "owner": "numtide",
        "repo": "flake-utils",
        "rev": "5aed5285a952e0b949eb3ba02c12fa4fcfef535f",
        "type": "github"
      },
      "original": {
        "owner": "numtide",
        "repo": "flake-utils",
        "type": "github"
      }
    },
    "flake-utils_4": {
      "locked": {
        "lastModified": 1659877975,
        "narHash": "sha256-zllb8aq3YO3h8B/U0/J1WBgAL8EX5yWf5pMj3G0NAmc=",
        "owner": "numtide",
        "repo": "flake-utils",
        "rev": "c0e246b9b83f637f4681389ecabcb2681b4f3af0",
        "type": "github"
      },
      "original": {
        "owner": "numtide",
        "repo": "flake-utils",
        "type": "github"
      }
    },
    "genshin-checkin": {
      "inputs": {
        "flake-utils": [
          "flake-utils"
        ],
        "nixpkgs": [
          "nixpkgs"
        ]
      },
      "locked": {
        "lastModified": 1674992537,
        "narHash": "sha256-MWKx/haa22l2I6y4H0xft9KXcDfvJegOy5+4VwqNYgk=",
        "owner": "poscat0x04",
        "repo": "genshin-checkin",
        "rev": "16dce5eb1b38125ed0c770dea936256f0c85325e",
        "type": "github"
      },
      "original": {
        "owner": "poscat0x04",
        "repo": "genshin-checkin",
        "type": "github"
      }
    },
    "hath-nix": {
      "locked": {
        "lastModified": 1623558647,
        "narHash": "sha256-r2Ikyi1gAaj0fer3CNoPPaSowEzAa3RF379d7FYzOOM=",
        "owner": "poscat0x04",
        "repo": "hath-nix",
        "rev": "28180bd11ecc9496233671f39b2cbe8027faf563",
        "type": "github"
      },
      "original": {
        "owner": "poscat0x04",
        "repo": "hath-nix",
        "type": "github"
      }
    },
    "home-manager": {
      "inputs": {
        "nixpkgs": [
          "nixpkgs"
        ],
        "utils": "utils"
      },
      "locked": {
        "lastModified": 1675855108,
        "narHash": "sha256-KSiF7aTXTLlocFjMj+61USedaaiscD1ek6f/anFqr3Q=",
        "owner": "nix-community",
        "repo": "home-manager",
        "rev": "e631d78ddfbf808fd1cfc4d79039a1b3acda5bed",
        "type": "github"
      },
      "original": {
        "owner": "nix-community",
        "repo": "home-manager",
        "type": "github"
      }
    },
    "nix-filter": {
      "locked": {
        "lastModified": 1666547822,
        "narHash": "sha256-razwnAybPHyoAyhkKCwXdxihIqJi1G6e1XP4FQOJTEs=",
        "owner": "numtide",
        "repo": "nix-filter",
        "rev": "1a3b735e13e90a8d2fd5629f2f8363bd7ffbbec7",
        "type": "github"
      },
      "original": {
        "owner": "numtide",
        "repo": "nix-filter",
        "type": "github"
      }
    },
    "nix-repo": {
      "inputs": {
        "NUR": "NUR",
        "flake-utils": "flake-utils_2",
        "nixpkgs": [
          "nixpkgs"
        ],
        "rust-overlay": [
          "rust-overlay"
        ]
      },
      "locked": {
        "lastModified": 1675851776,
        "narHash": "sha256-++L4aZLdDsN22dowxxRg/v/2tX17tfoKfDr0aqLpU7E=",
        "owner": "poscat0x04",
        "repo": "nix-repo",
        "rev": "ad2b93c5e17be516a296530d949cba923d0907c1",
        "type": "github"
      },
      "original": {
        "owner": "poscat0x04",
        "repo": "nix-repo",
        "type": "github"
      }
    },
    "nix-secrets": {
      "locked": {
        "lastModified": 1666341177,
        "narHash": "sha256-q3yJKYBpGtgYz7l5uaarkweHrtXr5I2UEdejTE6pMoI=",
        "owner": "poscat0x04",
        "repo": "nix-secrets",
        "rev": "725954ae7735c41fdb16436c534b588c967799b7",
        "type": "github"
      },
      "original": {
        "owner": "poscat0x04",
        "repo": "nix-secrets",
        "type": "github"
      }
    },
    "nixos-emacs": {
      "inputs": {
        "flake-utils": "flake-utils_3",
        "nixpkgs": [
          "nixpkgs"
        ]
      },
      "locked": {
        "lastModified": 1675852765,
        "narHash": "sha256-xBWPFizAIFlpIW4grVm/Mm2By9iggdZ+0QUTdozZIaE=",
        "owner": "nix-community",
        "repo": "emacs-overlay",
        "rev": "c1eb5198d74d4f3d3ca2522bf8e2a4d04f5688a9",
        "type": "github"
      },
      "original": {
        "owner": "nix-community",
        "repo": "emacs-overlay",
        "type": "github"
      }
    },
    "nixos-firewall-ng": {
      "locked": {
        "lastModified": 1675342670,
        "narHash": "sha256-5DdcI2Ag8dqy9iUx5uXnJUO6utVL4ERdnqbTxCVc51g=",
        "owner": "poscat0x04",
        "repo": "nixos-firewall-ng",
        "rev": "5fb5e19259f40a988eacf013c673f1099d883565",
        "type": "github"
      },
      "original": {
        "owner": "poscat0x04",
        "repo": "nixos-firewall-ng",
        "type": "github"
      }
    },
    "nixpkgs": {
      "locked": {
        "lastModified": 1675757258,
        "narHash": "sha256-pIRer8vdsoherlRKpzfnHbMZ5TsAcvRlXHCIaHkIUbg=",
        "owner": "NixOS",
        "repo": "nixpkgs",
        "rev": "af96094e9b8eb162d70a84fa3b39f4b7a8b264d2",
        "type": "github"
      },
      "original": {
        "owner": "NixOS",
        "ref": "nixos-22.11",
        "repo": "nixpkgs",
        "type": "github"
      }
    },
    "nixpkgs-stable": {
      "locked": {
        "lastModified": 1675556398,
        "narHash": "sha256-5Gf5KlmFXfIGVQb2hmiiE7FQHoLd4UtEhIolLQvNB/A=",
        "owner": "NixOS",
        "repo": "nixpkgs",
        "rev": "e32c33811815ca4a535a16faf1c83eeb4493145b",
        "type": "github"
      },
      "original": {
        "owner": "NixOS",
        "ref": "release-22.11",
        "repo": "nixpkgs",
        "type": "github"
      }
    },
    "nixpkgs_2": {
      "locked": {
        "lastModified": 1655361562,
        "narHash": "sha256-chPaIIhmdL6jdZWpf/K6yQCsuBNOYuMqbJsNpLfrdTE=",
        "owner": "NixOS",
        "repo": "nixpkgs",
        "rev": "0b59d075675dc28bf9ebab466033280096c8d4fe",
        "type": "github"
      },
      "original": {
        "id": "nixpkgs",
        "type": "indirect"
      }
    },
    "root": {
      "inputs": {
        "flake-utils": "flake-utils",
        "genshin-checkin": "genshin-checkin",
        "hath-nix": "hath-nix",
        "home-manager": "home-manager",
        "nix-repo": "nix-repo",
        "nix-secrets": "nix-secrets",
        "nixos-emacs": "nixos-emacs",
        "nixos-firewall-ng": "nixos-firewall-ng",
        "nixpkgs": "nixpkgs",
        "routeupd": "routeupd",
        "rust-overlay": "rust-overlay",
        "sops-nix": "sops-nix",
        "vscode-server": "vscode-server"
      }
    },
    "routeupd": {
      "inputs": {
        "flake-utils": [
          "flake-utils"
        ],
        "nix-filter": "nix-filter",
        "nixpkgs": [
          "nixpkgs"
        ]
      },
      "locked": {
        "lastModified": 1676118846,
        "narHash": "sha256-J/TyVdaiEkVXub5Qo6SfxfZFKq3ZtsfAlmlDT6TEk5o=",
        "owner": "poscat0x04",
        "repo": "routeupd",
        "rev": "e0d89ec4b7054e693ac03362d404155e1decd5e5",
        "type": "github"
      },
      "original": {
        "owner": "poscat0x04",
        "repo": "routeupd",
        "type": "github"
      }
    },
    "rust-overlay": {
      "inputs": {
        "flake-utils": "flake-utils_4",
        "nixpkgs": [
          "nixpkgs"
        ]
      },
      "locked": {
        "lastModified": 1675823425,
        "narHash": "sha256-o/uLXQdq3OrRAv4BZVVY0VmhMmQBLWw6Y4o+p6ZiaR4=",
        "owner": "oxalica",
        "repo": "rust-overlay",
        "rev": "02e1abbdcbc2d516193ff8a7add71f44cd976ba0",
        "type": "github"
      },
      "original": {
        "owner": "oxalica",
        "repo": "rust-overlay",
        "type": "github"
      }
    },
    "sops-nix": {
      "inputs": {
        "nixpkgs": [
          "nixpkgs"
        ],
        "nixpkgs-stable": "nixpkgs-stable"
      },
      "locked": {
        "lastModified": 1675758931,
        "narHash": "sha256-RqYnUQ4I+CUjkYe1MrWSyt6vYKEZ7sHhTw7vrsjJyvc=",
        "owner": "Mic92",
        "repo": "sops-nix",
        "rev": "5dc9710905bcd8d3fa4b8912a120d9a2f9fe25e5",
        "type": "github"
      },
      "original": {
        "owner": "Mic92",
        "repo": "sops-nix",
        "type": "github"
      }
    },
    "utils": {
      "locked": {
        "lastModified": 1667395993,
        "narHash": "sha256-nuEHfE/LcWyuSWnS8t12N1wc105Qtau+/OdUAjtQ0rA=",
        "owner": "numtide",
        "repo": "flake-utils",
        "rev": "5aed5285a952e0b949eb3ba02c12fa4fcfef535f",
        "type": "github"
      },
      "original": {
        "owner": "numtide",
        "repo": "flake-utils",
        "type": "github"
      }
    },
    "vscode-server": {
      "inputs": {
        "nixpkgs": "nixpkgs_2"
      },
      "locked": {
        "lastModified": 1675723356,
        "narHash": "sha256-AdmSiPSLEHS/iJj5boi91JdlLINJHOlyhCHaErQi4NI=",
        "owner": "msteen",
        "repo": "nixos-vscode-server",
        "rev": "abc8f1d59c0ea54cc7317f5f3937febea7540c60",
        "type": "github"
      },
      "original": {
        "owner": "msteen",
        "repo": "nixos-vscode-server",
        "type": "github"
      }
    }
  },
  "root": "root",
  "version": 7
}
